# This file is autogenerated, do not edit; changes may be undone by the next 'dep ensure'.


[[projects]]
  name = "github.com/armon/go-metrics"
  packages = ["."]
  revision = "3df31a1ada83e310c2e24b267c8e8b68836547b4"

[[projects]]
  name = "github.com/go-log/log"
  packages = [
    ".",
    "log"
  ]
  revision = "37e2e1f19306361e1fc152a1839f1236149cb4e4"
  version = "v0.1.0"

[[projects]]
  name = "github.com/golang/protobuf"
  packages = ["proto"]
  revision = "aa810b61a9c79d51363740d207bb46cf8e620ed5"
  version = "v1.2.0"

[[projects]]
  name = "github.com/google/uuid"
  packages = ["."]
  revision = "d460ce9f8df2e77fb1ba55ca87fafed96c607494"
  version = "v1.0.0"

[[projects]]
  name = "github.com/hashicorp/consul"
  packages = [
    "api",
    "watch"
  ]
  revision = "e8757838a49feeb682c7e6ad6b78694a78b2096b"
  version = "v1.3.0"

[[projects]]
  name = "github.com/hashicorp/go-cleanhttp"
  packages = ["."]
  revision = "d5fe4b57a186c716b0e00b8c301cbd9b4182694d"

[[projects]]
  branch = "master"
  name = "github.com/hashicorp/go-rootcerts"
  packages = ["."]
  revision = "6bb64b370b90e7ef1fa532be9e591a81c3493e00"

[[projects]]
  name = "github.com/hashicorp/serf"
  packages = ["coordinate"]
  revision = "19bbd39e421bdf3559d5025fb2c760f5ffa56233"

[[projects]]
  branch = "master"
  name = "github.com/micro/cli"
  packages = ["."]
  revision = "8b9d33ec2f19cfe2fe9f448f18b033c004c18fd2"

[[projects]]
  branch = "master"
  name = "github.com/micro/go-log"
  packages = ["."]
  revision = "cbfa9447f9b655f8e66583237e51f40ca9bff860"

[[projects]]
  name = "github.com/micro/go-micro"
  packages = [
    ".",
    "broker",
    "broker/codec",
    "broker/codec/json",
    "broker/http",
    "client",
    "cmd",
    "codec",
    "codec/jsonrpc",
    "codec/protorpc",
    "errors",
    "metadata",
    "registry",
    "registry/consul",
    "registry/mdns",
    "selector",
    "selector/cache",
    "server",
    "server/debug",
    "server/debug/proto",
    "transport",
    "transport/codec",
    "transport/http"
  ]
  revision = "4cee1f19f6748700518a8ca647e26ab3ad7f2a2f"
  version = "v0.12.0"

[[projects]]
  branch = "master"
  name = "github.com/micro/go-rcache"
  packages = ["."]
  revision = "a581a57b513351792b9f21fc8b95d87b1c5a95da"

[[projects]]
  branch = "master"
  name = "github.com/micro/mdns"
  packages = ["."]
  revision = "cdf30746f9f70dc7a366d3d885792a092fd83102"

[[projects]]
  branch = "master"
  name = "github.com/micro/util"
  packages = [
    "go/lib/addr",
    "go/lib/net",
    "go/lib/tls"
  ]
  revision = "4b7ed83e8520ab8fe6e5ef61fa2ede94b32f8602"

[[projects]]
  name = "github.com/miekg/dns"
  packages = ["."]
  revision = "7064f7248f5fa5fd79382a76328b4e200b79e4ae"
  version = "v1.0.15"

[[projects]]
  name = "github.com/mitchellh/go-homedir"
  packages = ["."]
  revision = "ae18d6b8b3205b561c79e8e5f69bff09736185f4"
  version = "v1.0.0"

[[projects]]
  name = "github.com/mitchellh/hashstructure"
  packages = ["."]
  revision = "a38c50148365edc8df43c1580c48fb2b3a1e9cd7"
  version = "v1.0.0"

[[projects]]
  name = "github.com/mitchellh/mapstructure"
  packages = ["."]
  revision = "5a380f224700b8a6c4eaad048804f5bff514cb35"

[[projects]]
  name = "github.com/pborman/uuid"
  packages = ["."]
  revision = "adf5a7427709b9deb95d29d3fa8a2bf9cfd388f1"
  version = "v1.2"

[[projects]]
  name = "github.com/pkg/errors"
  packages = ["."]
  revision = "645ef00459ed84a119197bfb8d8205042c6df63d"
  version = "v0.8.0"

[[projects]]
  branch = "master"
  name = "golang.org/x/crypto"
  packages = [
    "ed25519",
    "ed25519/internal/edwards25519"
  ]
  revision = "4d3f4d9ffa16a13f451c3b2999e9c49e9750bf06"

[[projects]]
  branch = "master"
  name = "golang.org/x/net"
  packages = [
    "bpf",
    "context",
    "internal/iana",
    "internal/socket",
    "ipv4",
    "ipv6"
  ]
  revision = "c10e9556a7bc0e7c942242b606f0acf024ad5d6a"

[[projects]]
  branch = "master"
  name = "golang.org/x/sys"
  packages = ["unix"]
  revision = "9b800f95dbbc54abff0acf7ee32d88ba4e328c89"

[solve-meta]
  analyzer-name = "dep"
  analyzer-version = 1
  inputs-digest = "f509b85fed4c0f21c933786da17080f74dbdf1dbc5462f9b6863db589c218118"
  solver-name = "gps-cdcl"
  solver-version = 1
